
Microsoft Visual Studio Solution File, Format Version 12.00
# Visual Studio Version 17
VisualStudioVersion = 17.6.33829.357
MinimumVisualStudioVersion = 10.0.40219.1
Project("{FAE04EC0-301F-11D3-BF4B-00C04F79EFBC}") = "Basic ATM (Exception Handling Practice)", "Basic ATM (Exception Handling Practice)\Basic ATM (Exception Handling Practice).csproj", "{54785E70-5959-49D3-8CDD-217C52E02CD6}"
EndProject
Global
	GlobalSection(SolutionConfigurationPlatforms) = preSolution
		Debug|Any CPU = Debug|Any CPU
		Release|Any CPU = Release|Any CPU
	EndGlobalSection
	GlobalSection(ProjectConfigurationPlatforms) = postSolution
		{54785E70-5959-49D3-8CDD-217C52E02CD6}.Debug|Any CPU.ActiveCfg = Debug|Any CPU
		{54785E70-5959-49D3-8CDD-217C52E02CD6}.Debug|Any CPU.Build.0 = Debug|Any CPU
		{54785E70-5959-49D3-8CDD-217C52E02CD6}.Release|Any CPU.ActiveCfg = Release|Any CPU
		{54785E70-5959-49D3-8CDD-217C52E02CD6}.Release|Any CPU.Build.0 = Release|Any CPU
	EndGlobalSection
	GlobalSection(SolutionProperties) = preSolution
		HideSolutionNode = FALSE
	EndGlobalSection
	GlobalSection(ExtensibilityGlobals) = postSolution
		SolutionGuid = {62BE1082-9473-4367-B2A6-0A6DBD712EF4}
	EndGlobalSection
EndGlobal
